
Microsoft Visual Studio Solution File, Format Version 12.00
# Visual Studio Version 17
VisualStudioVersion = 17.5.33627.172
MinimumVisualStudioVersion = 10.0.40219.1
Project("{FAE04EC0-301F-11D3-BF4B-00C04F79EFBC}") = "Ex03.GarageLogic", "Ex03.GarageLogic.csproj", "{AB913D1E-C95B-4C4A-AD14-B89D35BC3076}"
EndProject
Project("{FAE04EC0-301F-11D3-BF4B-00C04F79EFBC}") = "Ex03.ConsoleUI", "..\Ex03.ConsoleUI\Ex03.ConsoleUI.csproj", "{159EA2DF-D113-4A8C-A840-2CC2A36B4614}"
EndProject
Global
	GlobalSection(SolutionConfigurationPlatforms) = preSolution
		Debug|Any CPU = Debug|Any CPU
		Release|Any CPU = Release|Any CPU
	EndGlobalSection
	GlobalSection(ProjectConfigurationPlatforms) = postSolution
		{AB913D1E-C95B-4C4A-AD14-B89D35BC3076}.Debug|Any CPU.ActiveCfg = Debug|Any CPU
		{AB913D1E-C95B-4C4A-AD14-B89D35BC3076}.Debug|Any CPU.Build.0 = Debug|Any CPU
		{AB913D1E-C95B-4C4A-AD14-B89D35BC3076}.Release|Any CPU.ActiveCfg = Release|Any CPU
		{AB913D1E-C95B-4C4A-AD14-B89D35BC3076}.Release|Any CPU.Build.0 = Release|Any CPU
		{159EA2DF-D113-4A8C-A840-2CC2A36B4614}.Debug|Any CPU.ActiveCfg = Debug|Any CPU
		{159EA2DF-D113-4A8C-A840-2CC2A36B4614}.Debug|Any CPU.Build.0 = Debug|Any CPU
		{159EA2DF-D113-4A8C-A840-2CC2A36B4614}.Release|Any CPU.ActiveCfg = Release|Any CPU
		{159EA2DF-D113-4A8C-A840-2CC2A36B4614}.Release|Any CPU.Build.0 = Release|Any CPU
	EndGlobalSection
	GlobalSection(SolutionProperties) = preSolution
		HideSolutionNode = FALSE
	EndGlobalSection
	GlobalSection(ExtensibilityGlobals) = postSolution
		SolutionGuid = {9986E5C3-31FC-4BA7-8697-18F9913FBF63}
	EndGlobalSection
EndGlobal
